// !$*UTF8*$!
{
	archiveVersion = 1;
	classes = {
	};
	objectVersion = 48;
	objects = {

/* Begin PBXBuildFile section */
		86C5FD2B1FF3BF2B00E38D2B /* main.m in Sources */ = {isa = PBXBuildFile; fileRef = 86C5FD2A1FF3BF2B00E38D2B /* main.m */; };
		86C5FD331FF3BF3900E38D2B /* Apple.m in Sources */ = {isa = PBXBuildFile; fileRef = 86C5FD321FF3BF3900E38D2B /* Apple.m */; };
		86C5FD361FFB590A00E38D2B /* RedApple.m in Sources */ = {isa = PBXBuildFile; fileRef = 86C5FD351FFB590A00E38D2B /* RedApple.m */; };
/* End PBXBuildFile section */

/* Begin PBXCopyFilesBuildPhase section */
		86C5FD251FF3BF2B00E38D2B /* CopyFiles */ = {
			isa = PBXCopyFilesBuildPhase;
			buildActionMask = 2147483647;
			dstPath = /usr/share/man/man1/;
			dstSubfolderSpec = 0;
			files = (
			);
			runOnlyForDeploymentPostprocessing = 1;
		};
/* End PBXCopyFilesBuildPhase section */

/* Begin PBXFileReference section */
		86C5FD271FF3BF2B00E38D2B /* OCClassAndObject */ = {isa = PBXFileReference; explicitFileType = "compiled.mach-o.executable"; includeInIndex = 0; path = OCClassAndObject; sourceTree = BUILT_PRODUCTS_DIR; };
		86C5FD2A1FF3BF2B00E38D2B /* main.m */ = {isa = PBXFileReference; lastKnownFileType = sourcecode.c.objc; path = main.m; sourceTree = "<group>"; };
		86C5FD311FF3BF3900E38D2B /* Apple.h */ = {isa = PBXFileReference; lastKnownFileType = sourcecode.c.h; path = Apple.h; sourceTree = "<group>"; };
		86C5FD321FF3BF3900E38D2B /* Apple.m */ = {isa = PBXFileReference; lastKnownFileType = sourcecode.c.objc; path = Apple.m; sourceTree = "<group>"; };
		86C5FD341FFB590A00E38D2B /* RedApple.h */ = {isa = PBXFileReference; lastKnownFileType = sourcecode.c.h; path = RedApple.h; sourceTree = "<group>"; };
		86C5FD351FFB590A00E38D2B /* RedApple.m */ = {isa = PBXFileReference; lastKnownFileType = sourcecode.c.objc; path = RedApple.m; sourceTree = "<group>"; };
/* End PBXFileReference section */

/* Begin PBXFrameworksBuildPhase section */
		86C5FD241FF3BF2B00E38D2B /* Frameworks */ = {
			isa = PBXFrameworksBuildPhase;
			buildActionMask = 2147483647;
			files = (
			);
			runOnlyForDeploymentPostprocessing = 0;
		};
/* End PBXFrameworksBuildPhase section */

/* Begin PBXGroup section */
		86C5FD1E1FF3BF2B00E38D2B = {
			isa = PBXGroup;
			children = (
				86C5FD291FF3BF2B00E38D2B /* OCClassAndObject */,
				86C5FD281FF3BF2B00E38D2B /* Products */,
			);
			sourceTree = "<group>";
		};
		86C5FD281FF3BF2B00E38D2B /* Products */ = {
			isa = PBXGroup;
			children = (
				86C5FD271FF3BF2B00E38D2B /* OCClassAndObject */,
			);
			name = Products;
			sourceTree = "<group>";
		};
		86C5FD291FF3BF2B00E38D2B /* OCClassAndObject */ = {
			isa = PBXGroup;
			children = (
				86C5FD2A1FF3BF2B00E38D2B /* main.m */,
				86C5FD311FF3BF3900E38D2B /* Apple.h */,
				86C5FD321FF3BF3900E38D2B /* Apple.m */,
				86C5FD341FFB590A00E38D2B /* RedApple.h */,
				86C5FD351FFB590A00E38D2B /* RedApple.m */,
			);
			path = OCClassAndObject;
			sourceTree = "<group>";
		};
/* End PBXGroup section */

/* Begin PBXNativeTarget section */
		86C5FD261FF3BF2B00E38D2B /* OCClassAndObject */ = {
			isa = PBXNativeTarget;
			buildConfigurationList = 86C5FD2E1FF3BF2B00E38D2B /* Build configuration list for PBXNativeTarget "OCClassAndObject" */;
			buildPhases = (
				86C5FD231FF3BF2B00E38D2B /* Sources */,
				86C5FD241FF3BF2B00E38D2B /* Frameworks */,
				86C5FD251FF3BF2B00E38D2B /* CopyFiles */,
			);
			buildRules = (
			);
			dependencies = (
			);
			name = OCClassAndObject;
			productName = OCClassAndObject;
			productReference = 86C5FD271FF3BF2B00E38D2B /* OCClassAndObject */;
			productType = "com.apple.product-type.tool";
		};
/* End PBXNativeTarget section */

/* Begin PBXProject section */
		86C5FD1F1FF3BF2B00E38D2B /* Project object */ = {
			isa = PBXProject;
			attributes = {
				LastUpgradeCheck = 0920;
				ORGANIZATIONNAME = "Xuan,boyi";
				TargetAttributes = {
					86C5FD261FF3BF2B00E38D2B = {
						CreatedOnToolsVersion = 9.2;
						ProvisioningStyle = Automatic;
					};
				};
			};
			buildConfigurationList = 86C5FD221FF3BF2B00E38D2B /* Build configuration list for PBXProject "OCClassAndObject" */;
			compatibilityVersion = "Xcode 8.0";
			developmentRegion = en;
			hasScannedForEncodings = 0;
			knownRegions = (
				en,
			);
			mainGroup = 86C5FD1E1FF3BF2B00E38D2B;
			productRefGroup = 86C5FD281FF3BF2B00E38D2B /* Products */;
			projectDirPath = "";
			projectRoot = "";
			targets = (
				86C5FD261FF3BF2B00E38D2B /* OCClassAndObject */,
			);
		};
/* End PBXProject section */

/* Begin PBXSourcesBuildPhase section */
		86C5FD231FF3BF2B00E38D2B /* Sources */ = {
			isa = PBXSourcesBuildPhase;
			buildActionMask = 2147483647;
			files = (
				86C5FD331FF3BF3900E38D2B /* Apple.m in Sources */,
				86C5FD2B1FF3BF2B00E38D2B /* main.m in Sources */,
				86C5FD361FFB590A00E38D2B /* RedApple.m in Sources */,
			);
			runOnlyForDeploymentPostprocessing = 0;
		};
/* End PBXSourcesBuildPhase section */

/* Begin XCBuildConfiguration section */
		86C5FD2C1FF3BF2B00E38D2B /* Debug */ = {
			isa = XCBuildConfiguration;
			buildSettings = {
				ALWAYS_SEARCH_USER_PATHS = NO;
				CLANG_ANALYZER_NONNULL = YES;
				CLANG_ANALYZER_NUMBER_OBJECT_CONVERSION = YES_AGGRESSIVE;
				CLANG_CXX_LANGUAGE_STANDARD = "gnu++14";
				CLANG_CXX_LIBRARY = "libc++";
				CLANG_ENABLE_MODULES = YES;
				CLANG_ENABLE_OBJC_ARC = YES;
				CLANG_WARN_BLOCK_CAPTURE_AUTORELEASING = YES;
				CLANG_WARN_BOOL_CONVERSION = YES;
				CLANG_WARN_COMMA = YES;
				CLANG_WARN_CONSTANT_CONVERSION = YES;
				CLANG_WARN_DIRECT_OBJC_ISA_USAGE = YES_ERROR;
				CLANG_WARN_DOCUMENTATION_COMMENTS = YES;
				CLANG_WARN_EMPTY_BODY = YES;
				CLANG_WARN_ENUM_CONVERSION = YES;
				CLANG_WARN_INFINITE_RECURSION = YES;
				CLANG_WARN_INT_CONVERSION = YES;
				CLANG_WARN_NON_LITERAL_NULL_CONVERSION = YES;
				CLANG_WARN_OBJC_LITERAL_CONVERSION = YES;
				CLANG_WARN_OBJC_ROOT_CLASS = YES_ERROR;
				CLANG_WARN_RANGE_LOOP_ANALYSIS = YES;
				CLANG_WARN_STRICT_PROTOTYPES = YES;
				CLANG_WARN_SUSPICIOUS_MOVE = YES;
				CLANG_WARN_UNGUARDED_AVAILABILITY = YES_AGGRESSIVE;
				CLANG_WARN_UNREACHABLE_CODE = YES;
				CLANG_WARN__DUPLICATE_METHOD_MATCH = YES;
				CODE_SIGN_IDENTITY = "-";
				COPY_PHASE_STRIP = NO;
				DEBUG_INFORMATION_FORMAT = dwarf;
				ENABLE_STRICT_OBJC_MSGSEND = YES;
				ENABLE_TESTABILITY = YES;
				GCC_C_LANGUAGE_STANDARD = gnu11;
				GCC_DYNAMIC_NO_PIC = NO;
				GCC_NO_COMMON_BLOCKS = YES;
				GCC_OPTIMIZATION_LEVEL = 0;
				GCC_PREPROCESSOR_DEFINITIONS = (
					"DEBUG=1",
					"$(inherited)",
				);
				GCC_WARN_64_TO_32_BIT_CONVERSION = YES;
				GCC_WARN_ABOUT_RETURN_TYPE = YES_ERROR;
				GCC_WARN_UNDECLARED_SELECTOR = YES;
				GCC_WARN_UNINITIALIZED_AUTOS = YES_AGGRESSIVE;
				GCC_WARN_UNUSED_FUNCTION = YES;
				GCC_WARN_UNUSED_VARIABLE = YES;
				MACOSX_DEPLOYMENT_TARGET = 10.13;
				MTL_ENABLE_DEBUG_INFO = YES;
				ONLY_ACTIVE_ARCH = YES;
				SDKROOT = macosx;
			};
			name = Debug;
		};
		86C5FD2D1FF3BF2B00E38D2B /* Release */ = {
			isa = XCBuildConfiguration;
			buildSettings = {
				ALWAYS_SEARCH_USER_PATHS = NO;
				CLANG_ANALYZER_NONNULL = YES;
				CLANG_ANALYZER_NUMBER_OBJECT_CONVERSION = YES_AGGRESSIVE;
				CLANG_CXX_LANGUAGE_STANDARD = "gnu++14";
				CLANG_CXX_LIBRARY = "libc++";
				CLANG_ENABLE_MODULES = YES;
				CLANG_ENABLE_OBJC_ARC = YES;
				CLANG_WARN_BLOCK_CAPTURE_AUTORELEASING = YES;
				CLANG_WARN_BOOL_CONVERSION = YES;
				CLANG_WARN_COMMA = YES;
				CLANG_WARN_CONSTANT_CONVERSION = YES;
				CLANG_WARN_DIRECT_OBJC_ISA_USAGE = YES_ERROR;
				CLANG_WARN_DOCUMENTATION_COMMENTS = YES;
				CLANG_WARN_EMPTY_BODY = YES;
				CLANG_WARN_ENUM_CONVERSION = YES;
				CLANG_WARN_INFINITE_RECURSION = YES;
				CLANG_WARN_INT_CONVERSION = YES;
				CLANG_WARN_NON_LITERAL_NULL_CONVERSION = YES;
				CLANG_WARN_OBJC_LITERAL_CONVERSION = YES;
				CLANG_WARN_OBJC_ROOT_CLASS = YES_ERROR;
				CLANG_WARN_RANGE_LOOP_ANALYSIS = YES;
				CLANG_WARN_STRICT_PROTOTYPES = YES;
				CLANG_WARN_SUSPICIOUS_MOVE = YES;
				CLANG_WARN_UNGUARDED_AVAILABILITY = YES_AGGRESSIVE;
				CLANG_WARN_UNREACHABLE_CODE = YES;
				CLANG_WARN__DUPLICATE_METHOD_MATCH = YES;
				CODE_SIGN_IDENTITY = "-";
				COPY_PHASE_STRIP = NO;
				DEBUG_INFORMATION_FORMAT = "dwarf-with-dsym";
				ENABLE_NS_ASSERTIONS = NO;
				ENABLE_STRICT_OBJC_MSGSEND = YES;
				GCC_C_LANGUAGE_STANDARD = gnu11;
				GCC_NO_COMMON_BLOCKS = YES;
				GCC_WARN_64_TO_32_BIT_CONVERSION = YES;
				GCC_WARN_ABOUT_RETURN_TYPE = YES_ERROR;
				GCC_WARN_UNDECLARED_SELECTOR = YES;
				GCC_WARN_UNINITIALIZED_AUTOS = YES_AGGRESSIVE;
				GCC_WARN_UNUSED_FUNCTION = YES;
				GCC_WARN_UNUSED_VARIABLE = YES;
				MACOSX_DEPLOYMENT_TARGET = 10.13;
				MTL_ENABLE_DEBUG_INFO = NO;
				SDKROOT = macosx;
			};
			name = Release;
		};
		86C5FD2F1FF3BF2B00E38D2B /* Debug */ = {
			isa = XCBuildConfiguration;
			buildSettings = {
				CODE_SIGN_STYLE = Automatic;
				PRODUCT_NAME = "$(TARGET_NAME)";
			};
			name = Debug;
		};
		86C5FD301FF3BF2B00E38D2B /* Release */ = {
			isa = XCBuildConfiguration;
			buildSettings = {
				CODE_SIGN_STYLE = Automatic;
				PRODUCT_NAME = "$(TARGET_NAME)";
			};
			name = Release;
		};
/* End XCBuildConfiguration section */

/* Begin XCConfigurationList section */
		86C5FD221FF3BF2B00E38D2B /* Build configuration list for PBXProject "OCClassAndObject" */ = {
			isa = XCConfigurationList;
			buildConfigurations = (
				86C5FD2C1FF3BF2B00E38D2B /* Debug */,
				86C5FD2D1FF3BF2B00E38D2B /* Release */,
			);
			defaultConfigurationIsVisible = 0;
			defaultConfigurationName = Release;
		};
		86C5FD2E1FF3BF2B00E38D2B /* Build configuration list for PBXNativeTarget "OCClassAndObject" */ = {
			isa = XCConfigurationList;
			buildConfigurations = (
				86C5FD2F1FF3BF2B00E38D2B /* Debug */,
				86C5FD301FF3BF2B00E38D2B /* Release */,
			);
			defaultConfigurationIsVisible = 0;
			defaultConfigurationName = Release;
		};
/* End XCConfigurationList section */
	};
	rootObject = 86C5FD1F1FF3BF2B00E38D2B /* Project object */;
}
